{
  "version": 4,
  "terraform_version": "1.5.5",
  "serial": 10,
  "lineage": "eae1e454-cb82-939c-ad28-9cd5f10d9c03",
  "outputs": {
    "instance_id": {
      "value": "aws_instance.ec2-instance.public_ip",
      "type": "string"
    },
    "security_group": {
      "value": "aws_security_group.mysg.id",
      "type": "string"
    }
  },
  "resources": [
    {
      "mode": "managed",
      "type": "aws_security_group",
      "name": "mysg",
      "provider": "provider[\"registry.terraform.io/hashicorp/aws\"]",
      "instances": [
        {
          "schema_version": 1,
          "attributes": {
            "arn": "arn:aws:ec2:us-east-1:533101977259:security-group/sg-0c4d2e17b5c71e2c3",
            "description": "Allow ssh traffic",
            "egress": [],
            "id": "sg-0c4d2e17b5c71e2c3",
            "ingress": [
              {
                "cidr_blocks": [
                  "10.0.0.0/24"
                ],
                "description": "Allow inbound ssh traffic",
                "from_port": 22,
                "ipv6_cidr_blocks": [],
                "prefix_list_ids": [],
                "protocol": "tcp",
                "security_groups": [],
                "self": false,
                "to_port": 22
              }
            ],
            "name": "allow-ssh",
            "name_prefix": "",
            "owner_id": "533101977259",
            "revoke_rules_on_delete": false,
            "tags": {
              "name": "allow_ssh"
            },
            "tags_all": {
              "name": "allow_ssh"
            },
            "timeouts": null,
            "vpc_id": "vpc-0f71ff24ff99f1fdb"
          },
          "sensitive_attributes": [],
          "private": "eyJlMmJmYjczMC1lY2FhLTExZTYtOGY4OC0zNDM2M2JjN2M0YzAiOnsiY3JlYXRlIjo2MDAwMDAwMDAwMDAsImRlbGV0ZSI6OTAwMDAwMDAwMDAwfSwic2NoZW1hX3ZlcnNpb24iOiIxIn0="
        }
      ]
    }
  ],
  "check_results": null
}
