{
  "version": 4,
  "terraform_version": "1.5.5",
  "serial": 6,
  "lineage": "c139e9db-e16d-46d9-4a0c-adcfc6d82c87",
  "outputs": {},
  "resources": [
    {
      "mode": "data",
      "type": "archive_file",
      "name": "lambda_hello_world",
      "provider": "provider[\"registry.terraform.io/hashicorp/archive\"]",
      "instances": [
        {
          "schema_version": 0,
          "attributes": {
            "exclude_symlink_directories": null,
            "excludes": null,
            "id": "542da00191cd123e3645f4e102dbcda27ca5c041",
            "output_base64sha256": "7/UpY6eERw+lAzJib6jlYK+FGBSCnTFiFjSWQtdO2vA=",
            "output_base64sha512": "IOtHn7G3zLoQtSH1BGG5cw5cVM++XjqJtcYONEZpvoFW7nYZo00TgxwMH0La3jIHxMDVnaTdki6rxDxaiHl4eA==",
            "output_file_mode": null,
            "output_md5": "a96b346295e7fe88d21e6e1e4bba871d",
            "output_path": "./hello-world.zip",
            "output_sha": "542da00191cd123e3645f4e102dbcda27ca5c041",
            "output_sha256": "eff52963a784470fa50332626fa8e560af851814829d316216349642d74edaf0",
            "output_sha512": "20eb479fb1b7ccba10b521f50461b9730e5c54cfbe5e3a89b5c60e344669be8156ee7619a34d13831c0c1f42dade3207c4c0d59da4dd922eabc43c5a88797878",
            "output_size": 258,
            "source": [],
            "source_content": null,
            "source_content_filename": null,
            "source_dir": "./hello-world",
            "source_file": null,
            "type": "zip"
          },
          "sensitive_attributes": []
        }
      ]
    },
    {
      "mode": "managed",
      "type": "aws_iam_role",
      "name": "lambda_exec",
      "provider": "provider[\"registry.terraform.io/hashicorp/aws\"]",
      "instances": [
        {
          "schema_version": 0,
          "attributes": {
            "arn": "arn:aws:iam::533101977259:role/serverless_lambda-dev",
            "assume_role_policy": "{\"Statement\":[{\"Action\":\"sts:AssumeRole\",\"Effect\":\"Allow\",\"Principal\":{\"Service\":\"lambda.amazonaws.com\"},\"Sid\":\"\"}],\"Version\":\"2012-10-17\"}",
            "create_date": "2023-12-13T23:49:13Z",
            "description": "",
            "force_detach_policies": false,
            "id": "serverless_lambda-dev",
            "inline_policy": [],
            "managed_policy_arns": [
              "arn:aws:iam::aws:policy/service-role/AWSLambdaBasicExecutionRole"
            ],
            "max_session_duration": 3600,
            "name": "serverless_lambda-dev",
            "name_prefix": "",
            "path": "/",
            "permissions_boundary": "",
            "tags": {},
            "tags_all": {},
            "unique_id": "AROAXYH22T2VREX5MCO5T"
          },
          "sensitive_attributes": [],
          "private": "bnVsbA=="
        }
      ]
    },
    {
      "mode": "managed",
      "type": "aws_iam_role_policy_attachment",
      "name": "lambda_policy",
      "provider": "provider[\"registry.terraform.io/hashicorp/aws\"]",
      "instances": [
        {
          "schema_version": 0,
          "attributes": {
            "id": "serverless_lambda-dev-20231213234914161900000001",
            "policy_arn": "arn:aws:iam::aws:policy/service-role/AWSLambdaBasicExecutionRole",
            "role": "serverless_lambda-dev"
          },
          "sensitive_attributes": [],
          "private": "bnVsbA==",
          "dependencies": [
            "aws_iam_role.lambda_exec"
          ]
        }
      ]
    },
    {
      "mode": "managed",
      "type": "aws_lambda_function",
      "name": "hello_world",
      "provider": "provider[\"registry.terraform.io/hashicorp/aws\"]",
      "instances": []
    }
  ],
  "check_results": null
}
